
Microsoft Visual Studio Solution File, Format Version 12.00
# Visual Studio Version 17
VisualStudioVersion = 17.11.35303.130
MinimumVisualStudioVersion = 10.0.40219.1
Project("{FAE04EC0-301F-11D3-BF4B-00C04F79EFBC}") = "Convicart2.1", "Convicart2.1.csproj", "{72EB86C0-C038-43E3-A573-885C2BE6ABDB}"
EndProject
Project("{FAE04EC0-301F-11D3-BF4B-00C04F79EFBC}") = "ConviDAL", "..\ConviDAL\ConviDAL.csproj", "{C22D4F2D-0E72-42A2-8627-CAA7E34EA3F6}"
EndProject
Project("{FAE04EC0-301F-11D3-BF4B-00C04F79EFBC}") = "ConviBLL", "..\ConviBLL\ConviBLL.csproj", "{07615A0A-F519-4AFD-89B4-9F23E82B4919}"
EndProject
Global
	GlobalSection(SolutionConfigurationPlatforms) = preSolution
		Debug|Any CPU = Debug|Any CPU
		Release|Any CPU = Release|Any CPU
	EndGlobalSection
	GlobalSection(ProjectConfigurationPlatforms) = postSolution
		{72EB86C0-C038-43E3-A573-885C2BE6ABDB}.Debug|Any CPU.ActiveCfg = Debug|Any CPU
		{72EB86C0-C038-43E3-A573-885C2BE6ABDB}.Debug|Any CPU.Build.0 = Debug|Any CPU
		{72EB86C0-C038-43E3-A573-885C2BE6ABDB}.Release|Any CPU.ActiveCfg = Release|Any CPU
		{72EB86C0-C038-43E3-A573-885C2BE6ABDB}.Release|Any CPU.Build.0 = Release|Any CPU
		{C22D4F2D-0E72-42A2-8627-CAA7E34EA3F6}.Debug|Any CPU.ActiveCfg = Debug|Any CPU
		{C22D4F2D-0E72-42A2-8627-CAA7E34EA3F6}.Debug|Any CPU.Build.0 = Debug|Any CPU
		{C22D4F2D-0E72-42A2-8627-CAA7E34EA3F6}.Release|Any CPU.ActiveCfg = Release|Any CPU
		{C22D4F2D-0E72-42A2-8627-CAA7E34EA3F6}.Release|Any CPU.Build.0 = Release|Any CPU
		{07615A0A-F519-4AFD-89B4-9F23E82B4919}.Debug|Any CPU.ActiveCfg = Debug|Any CPU
		{07615A0A-F519-4AFD-89B4-9F23E82B4919}.Debug|Any CPU.Build.0 = Debug|Any CPU
		{07615A0A-F519-4AFD-89B4-9F23E82B4919}.Release|Any CPU.ActiveCfg = Release|Any CPU
		{07615A0A-F519-4AFD-89B4-9F23E82B4919}.Release|Any CPU.Build.0 = Release|Any CPU
	EndGlobalSection
	GlobalSection(SolutionProperties) = preSolution
		HideSolutionNode = FALSE
	EndGlobalSection
	GlobalSection(ExtensibilityGlobals) = postSolution
		SolutionGuid = {16775D2A-6DFD-4713-B6FC-20A2AE31D786}
	EndGlobalSection
EndGlobal
